// !$*UTF8*$!
{
	archiveVersion = 1;
	classes = {
	};
	objectVersion = 50;
	objects = {

/* Begin PBXBuildFile section */
		63A4ADFE24E6283B004FA180 /* AppDelegate.m in Sources */ = {isa = PBXBuildFile; fileRef = 63A4ADFD24E6283B004FA180 /* AppDelegate.m */; };
		63A4AE0124E6283B004FA180 /* SceneDelegate.m in Sources */ = {isa = PBXBuildFile; fileRef = 63A4AE0024E6283B004FA180 /* SceneDelegate.m */; };
		63A4AE0724E6283B004FA180 /* Main.storyboard in Resources */ = {isa = PBXBuildFile; fileRef = 63A4AE0524E6283B004FA180 /* Main.storyboard */; };
		63A4AE0924E6283B004FA180 /* Assets.xcassets in Resources */ = {isa = PBXBuildFile; fileRef = 63A4AE0824E6283B004FA180 /* Assets.xcassets */; };
		63A4AE0C24E6283B004FA180 /* LaunchScreen.storyboard in Resources */ = {isa = PBXBuildFile; fileRef = 63A4AE0A24E6283B004FA180 /* LaunchScreen.storyboard */; };
		63A4AE0F24E6283B004FA180 /* main.m in Sources */ = {isa = PBXBuildFile; fileRef = 63A4AE0E24E6283B004FA180 /* main.m */; };
		63A4AE1924E63182004FA180 /* PicOfTheDay.m in Sources */ = {isa = PBXBuildFile; fileRef = 63A4AE1824E63182004FA180 /* PicOfTheDay.m */; };
		63A4AE1D24E63326004FA180 /* APIController.m in Sources */ = {isa = PBXBuildFile; fileRef = 63A4AE1C24E63326004FA180 /* APIController.m */; };
		63A4AE2124E63D7B004FA180 /* MonthlyViewController.m in Sources */ = {isa = PBXBuildFile; fileRef = 63A4AE2024E63D7B004FA180 /* MonthlyViewController.m */; };
		63A4AE2B24E643A6004FA180 /* LSIErrors.m in Sources */ = {isa = PBXBuildFile; fileRef = 63A4AE2424E643A6004FA180 /* LSIErrors.m */; };
/* End PBXBuildFile section */

/* Begin PBXFileReference section */
		63A4ADF924E6283A004FA180 /* Pic of the Day.app */ = {isa = PBXFileReference; explicitFileType = wrapper.application; includeInIndex = 0; path = "Pic of the Day.app"; sourceTree = BUILT_PRODUCTS_DIR; };
		63A4ADFC24E6283B004FA180 /* AppDelegate.h */ = {isa = PBXFileReference; lastKnownFileType = sourcecode.c.h; path = AppDelegate.h; sourceTree = "<group>"; };
		63A4ADFD24E6283B004FA180 /* AppDelegate.m */ = {isa = PBXFileReference; lastKnownFileType = sourcecode.c.objc; path = AppDelegate.m; sourceTree = "<group>"; };
		63A4ADFF24E6283B004FA180 /* SceneDelegate.h */ = {isa = PBXFileReference; lastKnownFileType = sourcecode.c.h; path = SceneDelegate.h; sourceTree = "<group>"; };
		63A4AE0024E6283B004FA180 /* SceneDelegate.m */ = {isa = PBXFileReference; lastKnownFileType = sourcecode.c.objc; path = SceneDelegate.m; sourceTree = "<group>"; };
		63A4AE0624E6283B004FA180 /* Base */ = {isa = PBXFileReference; lastKnownFileType = file.storyboard; name = Base; path = Base.lproj/Main.storyboard; sourceTree = "<group>"; };
		63A4AE0824E6283B004FA180 /* Assets.xcassets */ = {isa = PBXFileReference; lastKnownFileType = folder.assetcatalog; path = Assets.xcassets; sourceTree = "<group>"; };
		63A4AE0B24E6283B004FA180 /* Base */ = {isa = PBXFileReference; lastKnownFileType = file.storyboard; name = Base; path = Base.lproj/LaunchScreen.storyboard; sourceTree = "<group>"; };
		63A4AE0D24E6283B004FA180 /* Info.plist */ = {isa = PBXFileReference; lastKnownFileType = text.plist.xml; path = Info.plist; sourceTree = "<group>"; };
		63A4AE0E24E6283B004FA180 /* main.m */ = {isa = PBXFileReference; lastKnownFileType = sourcecode.c.objc; path = main.m; sourceTree = "<group>"; };
		63A4AE1724E63182004FA180 /* PicOfTheDay.h */ = {isa = PBXFileReference; lastKnownFileType = sourcecode.c.h; path = PicOfTheDay.h; sourceTree = "<group>"; };
		63A4AE1824E63182004FA180 /* PicOfTheDay.m */ = {isa = PBXFileReference; lastKnownFileType = sourcecode.c.objc; path = PicOfTheDay.m; sourceTree = "<group>"; };
		63A4AE1B24E63326004FA180 /* APIController.h */ = {isa = PBXFileReference; lastKnownFileType = sourcecode.c.h; path = APIController.h; sourceTree = "<group>"; };
		63A4AE1C24E63326004FA180 /* APIController.m */ = {isa = PBXFileReference; lastKnownFileType = sourcecode.c.objc; path = APIController.m; sourceTree = "<group>"; };
		63A4AE1F24E63D7B004FA180 /* MonthlyViewController.h */ = {isa = PBXFileReference; lastKnownFileType = sourcecode.c.h; path = MonthlyViewController.h; sourceTree = "<group>"; };
		63A4AE2024E63D7B004FA180 /* MonthlyViewController.m */ = {isa = PBXFileReference; lastKnownFileType = sourcecode.c.objc; path = MonthlyViewController.m; sourceTree = "<group>"; };
		63A4AE2424E643A6004FA180 /* LSIErrors.m */ = {isa = PBXFileReference; fileEncoding = 4; lastKnownFileType = sourcecode.c.objc; name = LSIErrors.m; path = ../AstronomyPicOfTheDay/AstronomyPicOfTheDay/LSIErrors.m; sourceTree = "<group>"; };
		63A4AE2724E643A6004FA180 /* LSIErrors.h */ = {isa = PBXFileReference; fileEncoding = 4; lastKnownFileType = sourcecode.c.h; name = LSIErrors.h; path = ../AstronomyPicOfTheDay/AstronomyPicOfTheDay/LSIErrors.h; sourceTree = "<group>"; };
/* End PBXFileReference section */

/* Begin PBXFrameworksBuildPhase section */
		63A4ADF624E6283A004FA180 /* Frameworks */ = {
			isa = PBXFrameworksBuildPhase;
			buildActionMask = 2147483647;
			files = (
			);
			runOnlyForDeploymentPostprocessing = 0;
		};
/* End PBXFrameworksBuildPhase section */

/* Begin PBXGroup section */
		63A4ADF024E6283A004FA180 = {
			isa = PBXGroup;
			children = (
				63A4ADFB24E6283A004FA180 /* AstronomyPicOfTheDay */,
				63A4ADFA24E6283A004FA180 /* Products */,
			);
			sourceTree = "<group>";
		};
		63A4ADFA24E6283A004FA180 /* Products */ = {
			isa = PBXGroup;
			children = (
				63A4ADF924E6283A004FA180 /* Pic of the Day.app */,
			);
			name = Products;
			sourceTree = "<group>";
		};
		63A4ADFB24E6283A004FA180 /* AstronomyPicOfTheDay */ = {
			isa = PBXGroup;
			children = (
				63A4AE1524E62F29004FA180 /* AppDelegate */,
				63A4AE2224E643A6004FA180 /* LambdaSDK */,
				63A4AE1624E63164004FA180 /* Model */,
				63A4AE1A24E63310004FA180 /* Networking */,
				63A4AE1E24E63D3E004FA180 /* View Controllers */,
				63A4AE0524E6283B004FA180 /* Main.storyboard */,
				63A4AE0824E6283B004FA180 /* Assets.xcassets */,
				63A4AE0A24E6283B004FA180 /* LaunchScreen.storyboard */,
				63A4AE0D24E6283B004FA180 /* Info.plist */,
				63A4AE0E24E6283B004FA180 /* main.m */,
			);
			path = AstronomyPicOfTheDay;
			sourceTree = "<group>";
		};
		63A4AE1524E62F29004FA180 /* AppDelegate */ = {
			isa = PBXGroup;
			children = (
				63A4ADFC24E6283B004FA180 /* AppDelegate.h */,
				63A4ADFD24E6283B004FA180 /* AppDelegate.m */,
				63A4ADFF24E6283B004FA180 /* SceneDelegate.h */,
				63A4AE0024E6283B004FA180 /* SceneDelegate.m */,
			);
			path = AppDelegate;
			sourceTree = "<group>";
		};
		63A4AE1624E63164004FA180 /* Model */ = {
			isa = PBXGroup;
			children = (
				63A4AE1724E63182004FA180 /* PicOfTheDay.h */,
				63A4AE1824E63182004FA180 /* PicOfTheDay.m */,
			);
			path = Model;
			sourceTree = "<group>";
		};
		63A4AE1A24E63310004FA180 /* Networking */ = {
			isa = PBXGroup;
			children = (
				63A4AE1B24E63326004FA180 /* APIController.h */,
				63A4AE1C24E63326004FA180 /* APIController.m */,
			);
			path = Networking;
			sourceTree = "<group>";
		};
		63A4AE1E24E63D3E004FA180 /* View Controllers */ = {
			isa = PBXGroup;
			children = (
				63A4AE1F24E63D7B004FA180 /* MonthlyViewController.h */,
				63A4AE2024E63D7B004FA180 /* MonthlyViewController.m */,
			);
			path = "View Controllers";
			sourceTree = "<group>";
		};
		63A4AE2224E643A6004FA180 /* LambdaSDK */ = {
			isa = PBXGroup;
			children = (
				63A4AE2724E643A6004FA180 /* LSIErrors.h */,
				63A4AE2424E643A6004FA180 /* LSIErrors.m */,
			);
			name = LambdaSDK;
			path = ../../LambdaSDK;
			sourceTree = "<group>";
		};
/* End PBXGroup section */

/* Begin PBXNativeTarget section */
		63A4ADF824E6283A004FA180 /* AstronomyPicOfTheDay */ = {
			isa = PBXNativeTarget;
			buildConfigurationList = 63A4AE1224E6283B004FA180 /* Build configuration list for PBXNativeTarget "AstronomyPicOfTheDay" */;
			buildPhases = (
				63A4ADF524E6283A004FA180 /* Sources */,
				63A4ADF624E6283A004FA180 /* Frameworks */,
				63A4ADF724E6283A004FA180 /* Resources */,
			);
			buildRules = (
			);
			dependencies = (
			);
			name = AstronomyPicOfTheDay;
			productName = AstronomyPicOfTheDay;
			productReference = 63A4ADF924E6283A004FA180 /* Pic of the Day.app */;
			productType = "com.apple.product-type.application";
		};
/* End PBXNativeTarget section */

/* Begin PBXProject section */
		63A4ADF124E6283A004FA180 /* Project object */ = {
			isa = PBXProject;
			attributes = {
				LastUpgradeCheck = 1150;
				ORGANIZATIONNAME = "Chad Parker";
				TargetAttributes = {
					63A4ADF824E6283A004FA180 = {
						CreatedOnToolsVersion = 11.5;
					};
				};
			};
			buildConfigurationList = 63A4ADF424E6283A004FA180 /* Build configuration list for PBXProject "AstronomyPicOfTheDay" */;
			compatibilityVersion = "Xcode 9.3";
			developmentRegion = en;
			hasScannedForEncodings = 0;
			knownRegions = (
				en,
				Base,
			);
			mainGroup = 63A4ADF024E6283A004FA180;
			productRefGroup = 63A4ADFA24E6283A004FA180 /* Products */;
			projectDirPath = "";
			projectRoot = "";
			targets = (
				63A4ADF824E6283A004FA180 /* AstronomyPicOfTheDay */,
			);
		};
/* End PBXProject section */

/* Begin PBXResourcesBuildPhase section */
		63A4ADF724E6283A004FA180 /* Resources */ = {
			isa = PBXResourcesBuildPhase;
			buildActionMask = 2147483647;
			files = (
				63A4AE0C24E6283B004FA180 /* LaunchScreen.storyboard in Resources */,
				63A4AE0924E6283B004FA180 /* Assets.xcassets in Resources */,
				63A4AE0724E6283B004FA180 /* Main.storyboard in Resources */,
			);
			runOnlyForDeploymentPostprocessing = 0;
		};
/* End PBXResourcesBuildPhase section */

/* Begin PBXSourcesBuildPhase section */
		63A4ADF524E6283A004FA180 /* Sources */ = {
			isa = PBXSourcesBuildPhase;
			buildActionMask = 2147483647;
			files = (
				63A4AE1924E63182004FA180 /* PicOfTheDay.m in Sources */,
				63A4AE1D24E63326004FA180 /* APIController.m in Sources */,
				63A4AE2B24E643A6004FA180 /* LSIErrors.m in Sources */,
				63A4ADFE24E6283B004FA180 /* AppDelegate.m in Sources */,
				63A4AE0F24E6283B004FA180 /* main.m in Sources */,
				63A4AE2124E63D7B004FA180 /* MonthlyViewController.m in Sources */,
				63A4AE0124E6283B004FA180 /* SceneDelegate.m in Sources */,
			);
			runOnlyForDeploymentPostprocessing = 0;
		};
/* End PBXSourcesBuildPhase section */

/* Begin PBXVariantGroup section */
		63A4AE0524E6283B004FA180 /* Main.storyboard */ = {
			isa = PBXVariantGroup;
			children = (
				63A4AE0624E6283B004FA180 /* Base */,
			);
			name = Main.storyboard;
			sourceTree = "<group>";
		};
		63A4AE0A24E6283B004FA180 /* LaunchScreen.storyboard */ = {
			isa = PBXVariantGroup;
			children = (
				63A4AE0B24E6283B004FA180 /* Base */,
			);
			name = LaunchScreen.storyboard;
			sourceTree = "<group>";
		};
/* End PBXVariantGroup section */

/* Begin XCBuildConfiguration section */
		63A4AE1024E6283B004FA180 /* Debug */ = {
			isa = XCBuildConfiguration;
			buildSettings = {
				ALWAYS_SEARCH_USER_PATHS = NO;
				CLANG_ANALYZER_NONNULL = YES;
				CLANG_ANALYZER_NUMBER_OBJECT_CONVERSION = YES_AGGRESSIVE;
				CLANG_CXX_LANGUAGE_STANDARD = "gnu++14";
				CLANG_CXX_LIBRARY = "libc++";
				CLANG_ENABLE_MODULES = YES;
				CLANG_ENABLE_OBJC_ARC = YES;
				CLANG_ENABLE_OBJC_WEAK = YES;
				CLANG_WARN_BLOCK_CAPTURE_AUTORELEASING = YES;
				CLANG_WARN_BOOL_CONVERSION = YES;
				CLANG_WARN_COMMA = YES;
				CLANG_WARN_CONSTANT_CONVERSION = YES;
				CLANG_WARN_DEPRECATED_OBJC_IMPLEMENTATIONS = YES;
				CLANG_WARN_DIRECT_OBJC_ISA_USAGE = YES_ERROR;
				CLANG_WARN_DOCUMENTATION_COMMENTS = YES;
				CLANG_WARN_EMPTY_BODY = YES;
				CLANG_WARN_ENUM_CONVERSION = YES;
				CLANG_WARN_INFINITE_RECURSION = YES;
				CLANG_WARN_INT_CONVERSION = YES;
				CLANG_WARN_NON_LITERAL_NULL_CONVERSION = YES;
				CLANG_WARN_OBJC_IMPLICIT_RETAIN_SELF = YES;
				CLANG_WARN_OBJC_LITERAL_CONVERSION = YES;
				CLANG_WARN_OBJC_ROOT_CLASS = YES_ERROR;
				CLANG_WARN_RANGE_LOOP_ANALYSIS = YES;
				CLANG_WARN_STRICT_PROTOTYPES = YES;
				CLANG_WARN_SUSPICIOUS_MOVE = YES;
				CLANG_WARN_UNGUARDED_AVAILABILITY = YES_AGGRESSIVE;
				CLANG_WARN_UNREACHABLE_CODE = YES;
				CLANG_WARN__DUPLICATE_METHOD_MATCH = YES;
				COPY_PHASE_STRIP = NO;
				DEBUG_INFORMATION_FORMAT = dwarf;
				ENABLE_STRICT_OBJC_MSGSEND = YES;
				ENABLE_TESTABILITY = YES;
				GCC_C_LANGUAGE_STANDARD = gnu11;
				GCC_DYNAMIC_NO_PIC = NO;
				GCC_NO_COMMON_BLOCKS = YES;
				GCC_OPTIMIZATION_LEVEL = 0;
				GCC_PREPROCESSOR_DEFINITIONS = (
					"DEBUG=1",
					"$(inherited)",
				);
				GCC_WARN_64_TO_32_BIT_CONVERSION = YES;
				GCC_WARN_ABOUT_RETURN_TYPE = YES_ERROR;
				GCC_WARN_UNDECLARED_SELECTOR = YES;
				GCC_WARN_UNINITIALIZED_AUTOS = YES_AGGRESSIVE;
				GCC_WARN_UNUSED_FUNCTION = YES;
				GCC_WARN_UNUSED_VARIABLE = YES;
				IPHONEOS_DEPLOYMENT_TARGET = 13.5;
				MTL_ENABLE_DEBUG_INFO = INCLUDE_SOURCE;
				MTL_FAST_MATH = YES;
				ONLY_ACTIVE_ARCH = YES;
				SDKROOT = iphoneos;
			};
			name = Debug;
		};
		63A4AE1124E6283B004FA180 /* Release */ = {
			isa = XCBuildConfiguration;
			buildSettings = {
				ALWAYS_SEARCH_USER_PATHS = NO;
				CLANG_ANALYZER_NONNULL = YES;
				CLANG_ANALYZER_NUMBER_OBJECT_CONVERSION = YES_AGGRESSIVE;
				CLANG_CXX_LANGUAGE_STANDARD = "gnu++14";
				CLANG_CXX_LIBRARY = "libc++";
				CLANG_ENABLE_MODULES = YES;
				CLANG_ENABLE_OBJC_ARC = YES;
				CLANG_ENABLE_OBJC_WEAK = YES;
				CLANG_WARN_BLOCK_CAPTURE_AUTORELEASING = YES;
				CLANG_WARN_BOOL_CONVERSION = YES;
				CLANG_WARN_COMMA = YES;
				CLANG_WARN_CONSTANT_CONVERSION = YES;
				CLANG_WARN_DEPRECATED_OBJC_IMPLEMENTATIONS = YES;
				CLANG_WARN_DIRECT_OBJC_ISA_USAGE = YES_ERROR;
				CLANG_WARN_DOCUMENTATION_COMMENTS = YES;
				CLANG_WARN_EMPTY_BODY = YES;
				CLANG_WARN_ENUM_CONVERSION = YES;
				CLANG_WARN_INFINITE_RECURSION = YES;
				CLANG_WARN_INT_CONVERSION = YES;
				CLANG_WARN_NON_LITERAL_NULL_CONVERSION = YES;
				CLANG_WARN_OBJC_IMPLICIT_RETAIN_SELF = YES;
				CLANG_WARN_OBJC_LITERAL_CONVERSION = YES;
				CLANG_WARN_OBJC_ROOT_CLASS = YES_ERROR;
				CLANG_WARN_RANGE_LOOP_ANALYSIS = YES;
				CLANG_WARN_STRICT_PROTOTYPES = YES;
				CLANG_WARN_SUSPICIOUS_MOVE = YES;
				CLANG_WARN_UNGUARDED_AVAILABILITY = YES_AGGRESSIVE;
				CLANG_WARN_UNREACHABLE_CODE = YES;
				CLANG_WARN__DUPLICATE_METHOD_MATCH = YES;
				COPY_PHASE_STRIP = NO;
				DEBUG_INFORMATION_FORMAT = "dwarf-with-dsym";
				ENABLE_NS_ASSERTIONS = NO;
				ENABLE_STRICT_OBJC_MSGSEND = YES;
				GCC_C_LANGUAGE_STANDARD = gnu11;
				GCC_NO_COMMON_BLOCKS = YES;
				GCC_WARN_64_TO_32_BIT_CONVERSION = YES;
				GCC_WARN_ABOUT_RETURN_TYPE = YES_ERROR;
				GCC_WARN_UNDECLARED_SELECTOR = YES;
				GCC_WARN_UNINITIALIZED_AUTOS = YES_AGGRESSIVE;
				GCC_WARN_UNUSED_FUNCTION = YES;
				GCC_WARN_UNUSED_VARIABLE = YES;
				IPHONEOS_DEPLOYMENT_TARGET = 13.5;
				MTL_ENABLE_DEBUG_INFO = NO;
				MTL_FAST_MATH = YES;
				SDKROOT = iphoneos;
				VALIDATE_PRODUCT = YES;
			};
			name = Release;
		};
		63A4AE1324E6283B004FA180 /* Debug */ = {
			isa = XCBuildConfiguration;
			buildSettings = {
				ASSETCATALOG_COMPILER_APPICON_NAME = AppIcon;
				CODE_SIGN_STYLE = Automatic;
				DEVELOPMENT_TEAM = 249LNXJ9HG;
				INFOPLIST_FILE = AstronomyPicOfTheDay/Info.plist;
				LD_RUNPATH_SEARCH_PATHS = (
					"$(inherited)",
					"@executable_path/Frameworks",
				);
				PRODUCT_BUNDLE_IDENTIFIER = com.chadparker.AstronomyPicOfTheDay;
				PRODUCT_NAME = "Pic of the Day";
				TARGETED_DEVICE_FAMILY = "1,2";
			};
			name = Debug;
		};
		63A4AE1424E6283B004FA180 /* Release */ = {
			isa = XCBuildConfiguration;
			buildSettings = {
				ASSETCATALOG_COMPILER_APPICON_NAME = AppIcon;
				CODE_SIGN_STYLE = Automatic;
				DEVELOPMENT_TEAM = 249LNXJ9HG;
				INFOPLIST_FILE = AstronomyPicOfTheDay/Info.plist;
				LD_RUNPATH_SEARCH_PATHS = (
					"$(inherited)",
					"@executable_path/Frameworks",
				);
				PRODUCT_BUNDLE_IDENTIFIER = com.chadparker.AstronomyPicOfTheDay;
				PRODUCT_NAME = "Pic of the Day";
				TARGETED_DEVICE_FAMILY = "1,2";
			};
			name = Release;
		};
/* End XCBuildConfiguration section */

/* Begin XCConfigurationList section */
		63A4ADF424E6283A004FA180 /* Build configuration list for PBXProject "AstronomyPicOfTheDay" */ = {
			isa = XCConfigurationList;
			buildConfigurations = (
				63A4AE1024E6283B004FA180 /* Debug */,
				63A4AE1124E6283B004FA180 /* Release */,
			);
			defaultConfigurationIsVisible = 0;
			defaultConfigurationName = Release;
		};
		63A4AE1224E6283B004FA180 /* Build configuration list for PBXNativeTarget "AstronomyPicOfTheDay" */ = {
			isa = XCConfigurationList;
			buildConfigurations = (
				63A4AE1324E6283B004FA180 /* Debug */,
				63A4AE1424E6283B004FA180 /* Release */,
			);
			defaultConfigurationIsVisible = 0;
			defaultConfigurationName = Release;
		};
/* End XCConfigurationList section */
	};
	rootObject = 63A4ADF124E6283A004FA180 /* Project object */;
}
