// !$*UTF8*$!
{
	archiveVersion = 1;
	classes = {
	};
	objectVersion = 50;
	objects = {

/* Begin PBXBuildFile section */
		3AE2BBF424E6249400E7068F /* AppDelegate.m in Sources */ = {isa = PBXBuildFile; fileRef = 3AE2BBF324E6249400E7068F /* AppDelegate.m */; };
		3AE2BBF724E6249400E7068F /* SceneDelegate.m in Sources */ = {isa = PBXBuildFile; fileRef = 3AE2BBF624E6249400E7068F /* SceneDelegate.m */; };
		3AE2BBFA24E6249400E7068F /* ViewController.m in Sources */ = {isa = PBXBuildFile; fileRef = 3AE2BBF924E6249400E7068F /* ViewController.m */; };
		3AE2BBFD24E6249400E7068F /* Main.storyboard in Resources */ = {isa = PBXBuildFile; fileRef = 3AE2BBFB24E6249400E7068F /* Main.storyboard */; };
		3AE2BBFF24E6249700E7068F /* Assets.xcassets in Resources */ = {isa = PBXBuildFile; fileRef = 3AE2BBFE24E6249700E7068F /* Assets.xcassets */; };
		3AE2BC0224E6249700E7068F /* LaunchScreen.storyboard in Resources */ = {isa = PBXBuildFile; fileRef = 3AE2BC0024E6249700E7068F /* LaunchScreen.storyboard */; };
		3AE2BC0524E6249700E7068F /* main.m in Sources */ = {isa = PBXBuildFile; fileRef = 3AE2BC0424E6249700E7068F /* main.m */; };
		3AE2BC0D24E63AAF00E7068F /* AstronomyClient.m in Sources */ = {isa = PBXBuildFile; fileRef = 3AE2BC0C24E63AAF00E7068F /* AstronomyClient.m */; };
		3AE2BC1024E63AF400E7068F /* Astronomy.m in Sources */ = {isa = PBXBuildFile; fileRef = 3AE2BC0F24E63AF400E7068F /* Astronomy.m */; };
		3AE2BC1324E63B5000E7068F /* AstronomyCollectionViewController.swift in Sources */ = {isa = PBXBuildFile; fileRef = 3AE2BC1224E63B5000E7068F /* AstronomyCollectionViewController.swift */; };
		3AE2BC1524E63B9800E7068F /* AstronomyDetailViewController.swift in Sources */ = {isa = PBXBuildFile; fileRef = 3AE2BC1424E63B9800E7068F /* AstronomyDetailViewController.swift */; };
/* End PBXBuildFile section */

/* Begin PBXFileReference section */
		3AE2BBEF24E6249400E7068F /* Daily_Astronomy_Picture.app */ = {isa = PBXFileReference; explicitFileType = wrapper.application; includeInIndex = 0; path = Daily_Astronomy_Picture.app; sourceTree = BUILT_PRODUCTS_DIR; };
		3AE2BBF224E6249400E7068F /* AppDelegate.h */ = {isa = PBXFileReference; lastKnownFileType = sourcecode.c.h; path = AppDelegate.h; sourceTree = "<group>"; };
		3AE2BBF324E6249400E7068F /* AppDelegate.m */ = {isa = PBXFileReference; lastKnownFileType = sourcecode.c.objc; path = AppDelegate.m; sourceTree = "<group>"; };
		3AE2BBF524E6249400E7068F /* SceneDelegate.h */ = {isa = PBXFileReference; lastKnownFileType = sourcecode.c.h; path = SceneDelegate.h; sourceTree = "<group>"; };
		3AE2BBF624E6249400E7068F /* SceneDelegate.m */ = {isa = PBXFileReference; lastKnownFileType = sourcecode.c.objc; path = SceneDelegate.m; sourceTree = "<group>"; };
		3AE2BBF824E6249400E7068F /* ViewController.h */ = {isa = PBXFileReference; lastKnownFileType = sourcecode.c.h; path = ViewController.h; sourceTree = "<group>"; };
		3AE2BBF924E6249400E7068F /* ViewController.m */ = {isa = PBXFileReference; lastKnownFileType = sourcecode.c.objc; path = ViewController.m; sourceTree = "<group>"; };
		3AE2BBFC24E6249400E7068F /* Base */ = {isa = PBXFileReference; lastKnownFileType = file.storyboard; name = Base; path = Base.lproj/Main.storyboard; sourceTree = "<group>"; };
		3AE2BBFE24E6249700E7068F /* Assets.xcassets */ = {isa = PBXFileReference; lastKnownFileType = folder.assetcatalog; path = Assets.xcassets; sourceTree = "<group>"; };
		3AE2BC0124E6249700E7068F /* Base */ = {isa = PBXFileReference; lastKnownFileType = file.storyboard; name = Base; path = Base.lproj/LaunchScreen.storyboard; sourceTree = "<group>"; };
		3AE2BC0324E6249700E7068F /* Info.plist */ = {isa = PBXFileReference; lastKnownFileType = text.plist.xml; path = Info.plist; sourceTree = "<group>"; };
		3AE2BC0424E6249700E7068F /* main.m */ = {isa = PBXFileReference; lastKnownFileType = sourcecode.c.objc; path = main.m; sourceTree = "<group>"; };
		3AE2BC0B24E63AAF00E7068F /* AstronomyClient.h */ = {isa = PBXFileReference; lastKnownFileType = sourcecode.c.h; path = AstronomyClient.h; sourceTree = "<group>"; };
		3AE2BC0C24E63AAF00E7068F /* AstronomyClient.m */ = {isa = PBXFileReference; lastKnownFileType = sourcecode.c.objc; path = AstronomyClient.m; sourceTree = "<group>"; };
		3AE2BC0E24E63AF400E7068F /* Astronomy.h */ = {isa = PBXFileReference; lastKnownFileType = sourcecode.c.h; path = Astronomy.h; sourceTree = "<group>"; };
		3AE2BC0F24E63AF400E7068F /* Astronomy.m */ = {isa = PBXFileReference; lastKnownFileType = sourcecode.c.objc; path = Astronomy.m; sourceTree = "<group>"; };
		3AE2BC1124E63B4F00E7068F /* Daily_Astronomy_Picture-Bridging-Header.h */ = {isa = PBXFileReference; lastKnownFileType = sourcecode.c.h; path = "Daily_Astronomy_Picture-Bridging-Header.h"; sourceTree = "<group>"; };
		3AE2BC1224E63B5000E7068F /* AstronomyCollectionViewController.swift */ = {isa = PBXFileReference; lastKnownFileType = sourcecode.swift; path = AstronomyCollectionViewController.swift; sourceTree = "<group>"; };
		3AE2BC1424E63B9800E7068F /* AstronomyDetailViewController.swift */ = {isa = PBXFileReference; lastKnownFileType = sourcecode.swift; path = AstronomyDetailViewController.swift; sourceTree = "<group>"; };
/* End PBXFileReference section */

/* Begin PBXFrameworksBuildPhase section */
		3AE2BBEC24E6249400E7068F /* Frameworks */ = {
			isa = PBXFrameworksBuildPhase;
			buildActionMask = 2147483647;
			files = (
			);
			runOnlyForDeploymentPostprocessing = 0;
		};
/* End PBXFrameworksBuildPhase section */

/* Begin PBXGroup section */
		3AE2BBE624E6249400E7068F = {
			isa = PBXGroup;
			children = (
				3AE2BBF124E6249400E7068F /* Daily_Astronomy_Picture */,
				3AE2BBF024E6249400E7068F /* Products */,
			);
			sourceTree = "<group>";
		};
		3AE2BBF024E6249400E7068F /* Products */ = {
			isa = PBXGroup;
			children = (
				3AE2BBEF24E6249400E7068F /* Daily_Astronomy_Picture.app */,
			);
			name = Products;
			sourceTree = "<group>";
		};
		3AE2BBF124E6249400E7068F /* Daily_Astronomy_Picture */ = {
			isa = PBXGroup;
			children = (
				3AE2BBF224E6249400E7068F /* AppDelegate.h */,
				3AE2BBF324E6249400E7068F /* AppDelegate.m */,
				3AE2BBF524E6249400E7068F /* SceneDelegate.h */,
				3AE2BBF624E6249400E7068F /* SceneDelegate.m */,
				3AE2BBF824E6249400E7068F /* ViewController.h */,
				3AE2BBF924E6249400E7068F /* ViewController.m */,
				3AE2BBFB24E6249400E7068F /* Main.storyboard */,
				3AE2BC0B24E63AAF00E7068F /* AstronomyClient.h */,
				3AE2BC0C24E63AAF00E7068F /* AstronomyClient.m */,
				3AE2BC0E24E63AF400E7068F /* Astronomy.h */,
				3AE2BC0F24E63AF400E7068F /* Astronomy.m */,
				3AE2BC1224E63B5000E7068F /* AstronomyCollectionViewController.swift */,
				3AE2BC1424E63B9800E7068F /* AstronomyDetailViewController.swift */,
				3AE2BBFE24E6249700E7068F /* Assets.xcassets */,
				3AE2BC0024E6249700E7068F /* LaunchScreen.storyboard */,
				3AE2BC0324E6249700E7068F /* Info.plist */,
				3AE2BC0424E6249700E7068F /* main.m */,
				3AE2BC1124E63B4F00E7068F /* Daily_Astronomy_Picture-Bridging-Header.h */,
			);
			path = Daily_Astronomy_Picture;
			sourceTree = "<group>";
		};
/* End PBXGroup section */

/* Begin PBXNativeTarget section */
		3AE2BBEE24E6249400E7068F /* Daily_Astronomy_Picture */ = {
			isa = PBXNativeTarget;
			buildConfigurationList = 3AE2BC0824E6249700E7068F /* Build configuration list for PBXNativeTarget "Daily_Astronomy_Picture" */;
			buildPhases = (
				3AE2BBEB24E6249400E7068F /* Sources */,
				3AE2BBEC24E6249400E7068F /* Frameworks */,
				3AE2BBED24E6249400E7068F /* Resources */,
			);
			buildRules = (
			);
			dependencies = (
			);
			name = Daily_Astronomy_Picture;
			productName = Daily_Astronomy_Picture;
			productReference = 3AE2BBEF24E6249400E7068F /* Daily_Astronomy_Picture.app */;
			productType = "com.apple.product-type.application";
		};
/* End PBXNativeTarget section */

/* Begin PBXProject section */
		3AE2BBE724E6249400E7068F /* Project object */ = {
			isa = PBXProject;
			attributes = {
				LastUpgradeCheck = 1160;
				ORGANIZATIONNAME = thecoderpilot;
				TargetAttributes = {
					3AE2BBEE24E6249400E7068F = {
						CreatedOnToolsVersion = 11.6;
						LastSwiftMigration = 1160;
					};
				};
			};
			buildConfigurationList = 3AE2BBEA24E6249400E7068F /* Build configuration list for PBXProject "Daily_Astronomy_Picture" */;
			compatibilityVersion = "Xcode 9.3";
			developmentRegion = en;
			hasScannedForEncodings = 0;
			knownRegions = (
				en,
				Base,
			);
			mainGroup = 3AE2BBE624E6249400E7068F;
			productRefGroup = 3AE2BBF024E6249400E7068F /* Products */;
			projectDirPath = "";
			projectRoot = "";
			targets = (
				3AE2BBEE24E6249400E7068F /* Daily_Astronomy_Picture */,
			);
		};
/* End PBXProject section */

/* Begin PBXResourcesBuildPhase section */
		3AE2BBED24E6249400E7068F /* Resources */ = {
			isa = PBXResourcesBuildPhase;
			buildActionMask = 2147483647;
			files = (
				3AE2BC0224E6249700E7068F /* LaunchScreen.storyboard in Resources */,
				3AE2BBFF24E6249700E7068F /* Assets.xcassets in Resources */,
				3AE2BBFD24E6249400E7068F /* Main.storyboard in Resources */,
			);
			runOnlyForDeploymentPostprocessing = 0;
		};
/* End PBXResourcesBuildPhase section */

/* Begin PBXSourcesBuildPhase section */
		3AE2BBEB24E6249400E7068F /* Sources */ = {
			isa = PBXSourcesBuildPhase;
			buildActionMask = 2147483647;
			files = (
				3AE2BBFA24E6249400E7068F /* ViewController.m in Sources */,
				3AE2BC0D24E63AAF00E7068F /* AstronomyClient.m in Sources */,
				3AE2BC1024E63AF400E7068F /* Astronomy.m in Sources */,
				3AE2BBF424E6249400E7068F /* AppDelegate.m in Sources */,
				3AE2BC1524E63B9800E7068F /* AstronomyDetailViewController.swift in Sources */,
				3AE2BC0524E6249700E7068F /* main.m in Sources */,
				3AE2BBF724E6249400E7068F /* SceneDelegate.m in Sources */,
				3AE2BC1324E63B5000E7068F /* AstronomyCollectionViewController.swift in Sources */,
			);
			runOnlyForDeploymentPostprocessing = 0;
		};
/* End PBXSourcesBuildPhase section */

/* Begin PBXVariantGroup section */
		3AE2BBFB24E6249400E7068F /* Main.storyboard */ = {
			isa = PBXVariantGroup;
			children = (
				3AE2BBFC24E6249400E7068F /* Base */,
			);
			name = Main.storyboard;
			sourceTree = "<group>";
		};
		3AE2BC0024E6249700E7068F /* LaunchScreen.storyboard */ = {
			isa = PBXVariantGroup;
			children = (
				3AE2BC0124E6249700E7068F /* Base */,
			);
			name = LaunchScreen.storyboard;
			sourceTree = "<group>";
		};
/* End PBXVariantGroup section */

/* Begin XCBuildConfiguration section */
		3AE2BC0624E6249700E7068F /* Debug */ = {
			isa = XCBuildConfiguration;
			buildSettings = {
				ALWAYS_SEARCH_USER_PATHS = NO;
				CLANG_ANALYZER_NONNULL = YES;
				CLANG_ANALYZER_NUMBER_OBJECT_CONVERSION = YES_AGGRESSIVE;
				CLANG_CXX_LANGUAGE_STANDARD = "gnu++14";
				CLANG_CXX_LIBRARY = "libc++";
				CLANG_ENABLE_MODULES = YES;
				CLANG_ENABLE_OBJC_ARC = YES;
				CLANG_ENABLE_OBJC_WEAK = YES;
				CLANG_WARN_BLOCK_CAPTURE_AUTORELEASING = YES;
				CLANG_WARN_BOOL_CONVERSION = YES;
				CLANG_WARN_COMMA = YES;
				CLANG_WARN_CONSTANT_CONVERSION = YES;
				CLANG_WARN_DEPRECATED_OBJC_IMPLEMENTATIONS = YES;
				CLANG_WARN_DIRECT_OBJC_ISA_USAGE = YES_ERROR;
				CLANG_WARN_DOCUMENTATION_COMMENTS = YES;
				CLANG_WARN_EMPTY_BODY = YES;
				CLANG_WARN_ENUM_CONVERSION = YES;
				CLANG_WARN_INFINITE_RECURSION = YES;
				CLANG_WARN_INT_CONVERSION = YES;
				CLANG_WARN_NON_LITERAL_NULL_CONVERSION = YES;
				CLANG_WARN_OBJC_IMPLICIT_RETAIN_SELF = YES;
				CLANG_WARN_OBJC_LITERAL_CONVERSION = YES;
				CLANG_WARN_OBJC_ROOT_CLASS = YES_ERROR;
				CLANG_WARN_RANGE_LOOP_ANALYSIS = YES;
				CLANG_WARN_STRICT_PROTOTYPES = YES;
				CLANG_WARN_SUSPICIOUS_MOVE = YES;
				CLANG_WARN_UNGUARDED_AVAILABILITY = YES_AGGRESSIVE;
				CLANG_WARN_UNREACHABLE_CODE = YES;
				CLANG_WARN__DUPLICATE_METHOD_MATCH = YES;
				COPY_PHASE_STRIP = NO;
				DEBUG_INFORMATION_FORMAT = dwarf;
				ENABLE_STRICT_OBJC_MSGSEND = YES;
				ENABLE_TESTABILITY = YES;
				GCC_C_LANGUAGE_STANDARD = gnu11;
				GCC_DYNAMIC_NO_PIC = NO;
				GCC_NO_COMMON_BLOCKS = YES;
				GCC_OPTIMIZATION_LEVEL = 0;
				GCC_PREPROCESSOR_DEFINITIONS = (
					"DEBUG=1",
					"$(inherited)",
				);
				GCC_WARN_64_TO_32_BIT_CONVERSION = YES;
				GCC_WARN_ABOUT_RETURN_TYPE = YES_ERROR;
				GCC_WARN_UNDECLARED_SELECTOR = YES;
				GCC_WARN_UNINITIALIZED_AUTOS = YES_AGGRESSIVE;
				GCC_WARN_UNUSED_FUNCTION = YES;
				GCC_WARN_UNUSED_VARIABLE = YES;
				IPHONEOS_DEPLOYMENT_TARGET = 13.6;
				MTL_ENABLE_DEBUG_INFO = INCLUDE_SOURCE;
				MTL_FAST_MATH = YES;
				ONLY_ACTIVE_ARCH = YES;
				SDKROOT = iphoneos;
			};
			name = Debug;
		};
		3AE2BC0724E6249700E7068F /* Release */ = {
			isa = XCBuildConfiguration;
			buildSettings = {
				ALWAYS_SEARCH_USER_PATHS = NO;
				CLANG_ANALYZER_NONNULL = YES;
				CLANG_ANALYZER_NUMBER_OBJECT_CONVERSION = YES_AGGRESSIVE;
				CLANG_CXX_LANGUAGE_STANDARD = "gnu++14";
				CLANG_CXX_LIBRARY = "libc++";
				CLANG_ENABLE_MODULES = YES;
				CLANG_ENABLE_OBJC_ARC = YES;
				CLANG_ENABLE_OBJC_WEAK = YES;
				CLANG_WARN_BLOCK_CAPTURE_AUTORELEASING = YES;
				CLANG_WARN_BOOL_CONVERSION = YES;
				CLANG_WARN_COMMA = YES;
				CLANG_WARN_CONSTANT_CONVERSION = YES;
				CLANG_WARN_DEPRECATED_OBJC_IMPLEMENTATIONS = YES;
				CLANG_WARN_DIRECT_OBJC_ISA_USAGE = YES_ERROR;
				CLANG_WARN_DOCUMENTATION_COMMENTS = YES;
				CLANG_WARN_EMPTY_BODY = YES;
				CLANG_WARN_ENUM_CONVERSION = YES;
				CLANG_WARN_INFINITE_RECURSION = YES;
				CLANG_WARN_INT_CONVERSION = YES;
				CLANG_WARN_NON_LITERAL_NULL_CONVERSION = YES;
				CLANG_WARN_OBJC_IMPLICIT_RETAIN_SELF = YES;
				CLANG_WARN_OBJC_LITERAL_CONVERSION = YES;
				CLANG_WARN_OBJC_ROOT_CLASS = YES_ERROR;
				CLANG_WARN_RANGE_LOOP_ANALYSIS = YES;
				CLANG_WARN_STRICT_PROTOTYPES = YES;
				CLANG_WARN_SUSPICIOUS_MOVE = YES;
				CLANG_WARN_UNGUARDED_AVAILABILITY = YES_AGGRESSIVE;
				CLANG_WARN_UNREACHABLE_CODE = YES;
				CLANG_WARN__DUPLICATE_METHOD_MATCH = YES;
				COPY_PHASE_STRIP = NO;
				DEBUG_INFORMATION_FORMAT = "dwarf-with-dsym";
				ENABLE_NS_ASSERTIONS = NO;
				ENABLE_STRICT_OBJC_MSGSEND = YES;
				GCC_C_LANGUAGE_STANDARD = gnu11;
				GCC_NO_COMMON_BLOCKS = YES;
				GCC_WARN_64_TO_32_BIT_CONVERSION = YES;
				GCC_WARN_ABOUT_RETURN_TYPE = YES_ERROR;
				GCC_WARN_UNDECLARED_SELECTOR = YES;
				GCC_WARN_UNINITIALIZED_AUTOS = YES_AGGRESSIVE;
				GCC_WARN_UNUSED_FUNCTION = YES;
				GCC_WARN_UNUSED_VARIABLE = YES;
				IPHONEOS_DEPLOYMENT_TARGET = 13.6;
				MTL_ENABLE_DEBUG_INFO = NO;
				MTL_FAST_MATH = YES;
				SDKROOT = iphoneos;
				VALIDATE_PRODUCT = YES;
			};
			name = Release;
		};
		3AE2BC0924E6249700E7068F /* Debug */ = {
			isa = XCBuildConfiguration;
			buildSettings = {
				ASSETCATALOG_COMPILER_APPICON_NAME = AppIcon;
				CLANG_ENABLE_MODULES = YES;
				CODE_SIGN_STYLE = Automatic;
				DEVELOPMENT_TEAM = MMSJ2DXRDG;
				INFOPLIST_FILE = Daily_Astronomy_Picture/Info.plist;
				LD_RUNPATH_SEARCH_PATHS = (
					"$(inherited)",
					"@executable_path/Frameworks",
				);
				PRODUCT_BUNDLE_IDENTIFIER = "com.thecoderpilot.Daily-Astronomy-Picture";
				PRODUCT_NAME = "$(TARGET_NAME)";
				SWIFT_OBJC_BRIDGING_HEADER = "Daily_Astronomy_Picture/Daily_Astronomy_Picture-Bridging-Header.h";
				SWIFT_OPTIMIZATION_LEVEL = "-Onone";
				SWIFT_VERSION = 5.0;
				TARGETED_DEVICE_FAMILY = "1,2";
			};
			name = Debug;
		};
		3AE2BC0A24E6249700E7068F /* Release */ = {
			isa = XCBuildConfiguration;
			buildSettings = {
				ASSETCATALOG_COMPILER_APPICON_NAME = AppIcon;
				CLANG_ENABLE_MODULES = YES;
				CODE_SIGN_STYLE = Automatic;
				DEVELOPMENT_TEAM = MMSJ2DXRDG;
				INFOPLIST_FILE = Daily_Astronomy_Picture/Info.plist;
				LD_RUNPATH_SEARCH_PATHS = (
					"$(inherited)",
					"@executable_path/Frameworks",
				);
				PRODUCT_BUNDLE_IDENTIFIER = "com.thecoderpilot.Daily-Astronomy-Picture";
				PRODUCT_NAME = "$(TARGET_NAME)";
				SWIFT_OBJC_BRIDGING_HEADER = "Daily_Astronomy_Picture/Daily_Astronomy_Picture-Bridging-Header.h";
				SWIFT_VERSION = 5.0;
				TARGETED_DEVICE_FAMILY = "1,2";
			};
			name = Release;
		};
/* End XCBuildConfiguration section */

/* Begin XCConfigurationList section */
		3AE2BBEA24E6249400E7068F /* Build configuration list for PBXProject "Daily_Astronomy_Picture" */ = {
			isa = XCConfigurationList;
			buildConfigurations = (
				3AE2BC0624E6249700E7068F /* Debug */,
				3AE2BC0724E6249700E7068F /* Release */,
			);
			defaultConfigurationIsVisible = 0;
			defaultConfigurationName = Release;
		};
		3AE2BC0824E6249700E7068F /* Build configuration list for PBXNativeTarget "Daily_Astronomy_Picture" */ = {
			isa = XCConfigurationList;
			buildConfigurations = (
				3AE2BC0924E6249700E7068F /* Debug */,
				3AE2BC0A24E6249700E7068F /* Release */,
			);
			defaultConfigurationIsVisible = 0;
			defaultConfigurationName = Release;
		};
/* End XCConfigurationList section */
	};
	rootObject = 3AE2BBE724E6249400E7068F /* Project object */;
}
