// !$*UTF8*$!
{
	archiveVersion = 1;
	classes = {
	};
	objectVersion = 50;
	objects = {

/* Begin PBXBuildFile section */
		C9AE248324E62666003290A0 /* AppDelegate.m in Sources */ = {isa = PBXBuildFile; fileRef = C9AE248224E62666003290A0 /* AppDelegate.m */; };
		C9AE248624E62666003290A0 /* SceneDelegate.m in Sources */ = {isa = PBXBuildFile; fileRef = C9AE248524E62666003290A0 /* SceneDelegate.m */; };
		C9AE248924E62666003290A0 /* ViewController.m in Sources */ = {isa = PBXBuildFile; fileRef = C9AE248824E62666003290A0 /* ViewController.m */; };
		C9AE248C24E62666003290A0 /* Main.storyboard in Resources */ = {isa = PBXBuildFile; fileRef = C9AE248A24E62666003290A0 /* Main.storyboard */; };
		C9AE248E24E6266B003290A0 /* Assets.xcassets in Resources */ = {isa = PBXBuildFile; fileRef = C9AE248D24E6266B003290A0 /* Assets.xcassets */; };
		C9AE249124E6266B003290A0 /* LaunchScreen.storyboard in Resources */ = {isa = PBXBuildFile; fileRef = C9AE248F24E6266B003290A0 /* LaunchScreen.storyboard */; };
		C9AE249424E6266B003290A0 /* main.m in Sources */ = {isa = PBXBuildFile; fileRef = C9AE249324E6266B003290A0 /* main.m */; };
		C9AE249C24E6286F003290A0 /* PODFetcher.m in Sources */ = {isa = PBXBuildFile; fileRef = C9AE249B24E6286F003290A0 /* PODFetcher.m */; };
		C9AE249F24E62952003290A0 /* Photo.m in Sources */ = {isa = PBXBuildFile; fileRef = C9AE249E24E62952003290A0 /* Photo.m */; };
/* End PBXBuildFile section */

/* Begin PBXFileReference section */
		C9AE247E24E62666003290A0 /* APOD.app */ = {isa = PBXFileReference; explicitFileType = wrapper.application; includeInIndex = 0; path = APOD.app; sourceTree = BUILT_PRODUCTS_DIR; };
		C9AE248124E62666003290A0 /* AppDelegate.h */ = {isa = PBXFileReference; lastKnownFileType = sourcecode.c.h; path = AppDelegate.h; sourceTree = "<group>"; };
		C9AE248224E62666003290A0 /* AppDelegate.m */ = {isa = PBXFileReference; lastKnownFileType = sourcecode.c.objc; path = AppDelegate.m; sourceTree = "<group>"; };
		C9AE248424E62666003290A0 /* SceneDelegate.h */ = {isa = PBXFileReference; lastKnownFileType = sourcecode.c.h; path = SceneDelegate.h; sourceTree = "<group>"; };
		C9AE248524E62666003290A0 /* SceneDelegate.m */ = {isa = PBXFileReference; lastKnownFileType = sourcecode.c.objc; path = SceneDelegate.m; sourceTree = "<group>"; };
		C9AE248724E62666003290A0 /* ViewController.h */ = {isa = PBXFileReference; lastKnownFileType = sourcecode.c.h; path = ViewController.h; sourceTree = "<group>"; };
		C9AE248824E62666003290A0 /* ViewController.m */ = {isa = PBXFileReference; lastKnownFileType = sourcecode.c.objc; path = ViewController.m; sourceTree = "<group>"; };
		C9AE248B24E62666003290A0 /* Base */ = {isa = PBXFileReference; lastKnownFileType = file.storyboard; name = Base; path = Base.lproj/Main.storyboard; sourceTree = "<group>"; };
		C9AE248D24E6266B003290A0 /* Assets.xcassets */ = {isa = PBXFileReference; lastKnownFileType = folder.assetcatalog; path = Assets.xcassets; sourceTree = "<group>"; };
		C9AE249024E6266B003290A0 /* Base */ = {isa = PBXFileReference; lastKnownFileType = file.storyboard; name = Base; path = Base.lproj/LaunchScreen.storyboard; sourceTree = "<group>"; };
		C9AE249224E6266B003290A0 /* Info.plist */ = {isa = PBXFileReference; lastKnownFileType = text.plist.xml; path = Info.plist; sourceTree = "<group>"; };
		C9AE249324E6266B003290A0 /* main.m */ = {isa = PBXFileReference; lastKnownFileType = sourcecode.c.objc; path = main.m; sourceTree = "<group>"; };
		C9AE249A24E6286F003290A0 /* PODFetcher.h */ = {isa = PBXFileReference; lastKnownFileType = sourcecode.c.h; path = PODFetcher.h; sourceTree = "<group>"; };
		C9AE249B24E6286F003290A0 /* PODFetcher.m */ = {isa = PBXFileReference; lastKnownFileType = sourcecode.c.objc; path = PODFetcher.m; sourceTree = "<group>"; };
		C9AE249D24E62952003290A0 /* Photo.h */ = {isa = PBXFileReference; lastKnownFileType = sourcecode.c.h; path = Photo.h; sourceTree = "<group>"; };
		C9AE249E24E62952003290A0 /* Photo.m */ = {isa = PBXFileReference; lastKnownFileType = sourcecode.c.objc; path = Photo.m; sourceTree = "<group>"; };
/* End PBXFileReference section */

/* Begin PBXFrameworksBuildPhase section */
		C9AE247B24E62665003290A0 /* Frameworks */ = {
			isa = PBXFrameworksBuildPhase;
			buildActionMask = 2147483647;
			files = (
			);
			runOnlyForDeploymentPostprocessing = 0;
		};
/* End PBXFrameworksBuildPhase section */

/* Begin PBXGroup section */
		C9AE247524E62665003290A0 = {
			isa = PBXGroup;
			children = (
				C9AE248024E62666003290A0 /* APOD */,
				C9AE247F24E62666003290A0 /* Products */,
			);
			sourceTree = "<group>";
		};
		C9AE247F24E62666003290A0 /* Products */ = {
			isa = PBXGroup;
			children = (
				C9AE247E24E62666003290A0 /* APOD.app */,
			);
			name = Products;
			sourceTree = "<group>";
		};
		C9AE248024E62666003290A0 /* APOD */ = {
			isa = PBXGroup;
			children = (
				C9AE248124E62666003290A0 /* AppDelegate.h */,
				C9AE248224E62666003290A0 /* AppDelegate.m */,
				C9AE248424E62666003290A0 /* SceneDelegate.h */,
				C9AE248524E62666003290A0 /* SceneDelegate.m */,
				C9AE248724E62666003290A0 /* ViewController.h */,
				C9AE248824E62666003290A0 /* ViewController.m */,
				C9AE248A24E62666003290A0 /* Main.storyboard */,
				C9AE248D24E6266B003290A0 /* Assets.xcassets */,
				C9AE248F24E6266B003290A0 /* LaunchScreen.storyboard */,
				C9AE249224E6266B003290A0 /* Info.plist */,
				C9AE249324E6266B003290A0 /* main.m */,
				C9AE249A24E6286F003290A0 /* PODFetcher.h */,
				C9AE249B24E6286F003290A0 /* PODFetcher.m */,
				C9AE249D24E62952003290A0 /* Photo.h */,
				C9AE249E24E62952003290A0 /* Photo.m */,
			);
			path = APOD;
			sourceTree = "<group>";
		};
/* End PBXGroup section */

/* Begin PBXNativeTarget section */
		C9AE247D24E62665003290A0 /* APOD */ = {
			isa = PBXNativeTarget;
			buildConfigurationList = C9AE249724E6266B003290A0 /* Build configuration list for PBXNativeTarget "APOD" */;
			buildPhases = (
				C9AE247A24E62665003290A0 /* Sources */,
				C9AE247B24E62665003290A0 /* Frameworks */,
				C9AE247C24E62665003290A0 /* Resources */,
			);
			buildRules = (
			);
			dependencies = (
			);
			name = APOD;
			productName = APOD;
			productReference = C9AE247E24E62666003290A0 /* APOD.app */;
			productType = "com.apple.product-type.application";
		};
/* End PBXNativeTarget section */

/* Begin PBXProject section */
		C9AE247624E62665003290A0 /* Project object */ = {
			isa = PBXProject;
			attributes = {
				LastUpgradeCheck = 1140;
				ORGANIZATIONNAME = "Matthew Martindale";
				TargetAttributes = {
					C9AE247D24E62665003290A0 = {
						CreatedOnToolsVersion = 11.4.1;
					};
				};
			};
			buildConfigurationList = C9AE247924E62665003290A0 /* Build configuration list for PBXProject "APOD" */;
			compatibilityVersion = "Xcode 9.3";
			developmentRegion = en;
			hasScannedForEncodings = 0;
			knownRegions = (
				en,
				Base,
			);
			mainGroup = C9AE247524E62665003290A0;
			productRefGroup = C9AE247F24E62666003290A0 /* Products */;
			projectDirPath = "";
			projectRoot = "";
			targets = (
				C9AE247D24E62665003290A0 /* APOD */,
			);
		};
/* End PBXProject section */

/* Begin PBXResourcesBuildPhase section */
		C9AE247C24E62665003290A0 /* Resources */ = {
			isa = PBXResourcesBuildPhase;
			buildActionMask = 2147483647;
			files = (
				C9AE249124E6266B003290A0 /* LaunchScreen.storyboard in Resources */,
				C9AE248E24E6266B003290A0 /* Assets.xcassets in Resources */,
				C9AE248C24E62666003290A0 /* Main.storyboard in Resources */,
			);
			runOnlyForDeploymentPostprocessing = 0;
		};
/* End PBXResourcesBuildPhase section */

/* Begin PBXSourcesBuildPhase section */
		C9AE247A24E62665003290A0 /* Sources */ = {
			isa = PBXSourcesBuildPhase;
			buildActionMask = 2147483647;
			files = (
				C9AE249F24E62952003290A0 /* Photo.m in Sources */,
				C9AE248924E62666003290A0 /* ViewController.m in Sources */,
				C9AE248324E62666003290A0 /* AppDelegate.m in Sources */,
				C9AE249424E6266B003290A0 /* main.m in Sources */,
				C9AE249C24E6286F003290A0 /* PODFetcher.m in Sources */,
				C9AE248624E62666003290A0 /* SceneDelegate.m in Sources */,
			);
			runOnlyForDeploymentPostprocessing = 0;
		};
/* End PBXSourcesBuildPhase section */

/* Begin PBXVariantGroup section */
		C9AE248A24E62666003290A0 /* Main.storyboard */ = {
			isa = PBXVariantGroup;
			children = (
				C9AE248B24E62666003290A0 /* Base */,
			);
			name = Main.storyboard;
			sourceTree = "<group>";
		};
		C9AE248F24E6266B003290A0 /* LaunchScreen.storyboard */ = {
			isa = PBXVariantGroup;
			children = (
				C9AE249024E6266B003290A0 /* Base */,
			);
			name = LaunchScreen.storyboard;
			sourceTree = "<group>";
		};
/* End PBXVariantGroup section */

/* Begin XCBuildConfiguration section */
		C9AE249524E6266B003290A0 /* Debug */ = {
			isa = XCBuildConfiguration;
			buildSettings = {
				ALWAYS_SEARCH_USER_PATHS = NO;
				CLANG_ANALYZER_NONNULL = YES;
				CLANG_ANALYZER_NUMBER_OBJECT_CONVERSION = YES_AGGRESSIVE;
				CLANG_CXX_LANGUAGE_STANDARD = "gnu++14";
				CLANG_CXX_LIBRARY = "libc++";
				CLANG_ENABLE_MODULES = YES;
				CLANG_ENABLE_OBJC_ARC = YES;
				CLANG_ENABLE_OBJC_WEAK = YES;
				CLANG_WARN_BLOCK_CAPTURE_AUTORELEASING = YES;
				CLANG_WARN_BOOL_CONVERSION = YES;
				CLANG_WARN_COMMA = YES;
				CLANG_WARN_CONSTANT_CONVERSION = YES;
				CLANG_WARN_DEPRECATED_OBJC_IMPLEMENTATIONS = YES;
				CLANG_WARN_DIRECT_OBJC_ISA_USAGE = YES_ERROR;
				CLANG_WARN_DOCUMENTATION_COMMENTS = YES;
				CLANG_WARN_EMPTY_BODY = YES;
				CLANG_WARN_ENUM_CONVERSION = YES;
				CLANG_WARN_INFINITE_RECURSION = YES;
				CLANG_WARN_INT_CONVERSION = YES;
				CLANG_WARN_NON_LITERAL_NULL_CONVERSION = YES;
				CLANG_WARN_OBJC_IMPLICIT_RETAIN_SELF = YES;
				CLANG_WARN_OBJC_LITERAL_CONVERSION = YES;
				CLANG_WARN_OBJC_ROOT_CLASS = YES_ERROR;
				CLANG_WARN_RANGE_LOOP_ANALYSIS = YES;
				CLANG_WARN_STRICT_PROTOTYPES = YES;
				CLANG_WARN_SUSPICIOUS_MOVE = YES;
				CLANG_WARN_UNGUARDED_AVAILABILITY = YES_AGGRESSIVE;
				CLANG_WARN_UNREACHABLE_CODE = YES;
				CLANG_WARN__DUPLICATE_METHOD_MATCH = YES;
				COPY_PHASE_STRIP = NO;
				DEBUG_INFORMATION_FORMAT = dwarf;
				ENABLE_STRICT_OBJC_MSGSEND = YES;
				ENABLE_TESTABILITY = YES;
				GCC_C_LANGUAGE_STANDARD = gnu11;
				GCC_DYNAMIC_NO_PIC = NO;
				GCC_NO_COMMON_BLOCKS = YES;
				GCC_OPTIMIZATION_LEVEL = 0;
				GCC_PREPROCESSOR_DEFINITIONS = (
					"DEBUG=1",
					"$(inherited)",
				);
				GCC_WARN_64_TO_32_BIT_CONVERSION = YES;
				GCC_WARN_ABOUT_RETURN_TYPE = YES_ERROR;
				GCC_WARN_UNDECLARED_SELECTOR = YES;
				GCC_WARN_UNINITIALIZED_AUTOS = YES_AGGRESSIVE;
				GCC_WARN_UNUSED_FUNCTION = YES;
				GCC_WARN_UNUSED_VARIABLE = YES;
				IPHONEOS_DEPLOYMENT_TARGET = 13.4;
				MTL_ENABLE_DEBUG_INFO = INCLUDE_SOURCE;
				MTL_FAST_MATH = YES;
				ONLY_ACTIVE_ARCH = YES;
				SDKROOT = iphoneos;
			};
			name = Debug;
		};
		C9AE249624E6266B003290A0 /* Release */ = {
			isa = XCBuildConfiguration;
			buildSettings = {
				ALWAYS_SEARCH_USER_PATHS = NO;
				CLANG_ANALYZER_NONNULL = YES;
				CLANG_ANALYZER_NUMBER_OBJECT_CONVERSION = YES_AGGRESSIVE;
				CLANG_CXX_LANGUAGE_STANDARD = "gnu++14";
				CLANG_CXX_LIBRARY = "libc++";
				CLANG_ENABLE_MODULES = YES;
				CLANG_ENABLE_OBJC_ARC = YES;
				CLANG_ENABLE_OBJC_WEAK = YES;
				CLANG_WARN_BLOCK_CAPTURE_AUTORELEASING = YES;
				CLANG_WARN_BOOL_CONVERSION = YES;
				CLANG_WARN_COMMA = YES;
				CLANG_WARN_CONSTANT_CONVERSION = YES;
				CLANG_WARN_DEPRECATED_OBJC_IMPLEMENTATIONS = YES;
				CLANG_WARN_DIRECT_OBJC_ISA_USAGE = YES_ERROR;
				CLANG_WARN_DOCUMENTATION_COMMENTS = YES;
				CLANG_WARN_EMPTY_BODY = YES;
				CLANG_WARN_ENUM_CONVERSION = YES;
				CLANG_WARN_INFINITE_RECURSION = YES;
				CLANG_WARN_INT_CONVERSION = YES;
				CLANG_WARN_NON_LITERAL_NULL_CONVERSION = YES;
				CLANG_WARN_OBJC_IMPLICIT_RETAIN_SELF = YES;
				CLANG_WARN_OBJC_LITERAL_CONVERSION = YES;
				CLANG_WARN_OBJC_ROOT_CLASS = YES_ERROR;
				CLANG_WARN_RANGE_LOOP_ANALYSIS = YES;
				CLANG_WARN_STRICT_PROTOTYPES = YES;
				CLANG_WARN_SUSPICIOUS_MOVE = YES;
				CLANG_WARN_UNGUARDED_AVAILABILITY = YES_AGGRESSIVE;
				CLANG_WARN_UNREACHABLE_CODE = YES;
				CLANG_WARN__DUPLICATE_METHOD_MATCH = YES;
				COPY_PHASE_STRIP = NO;
				DEBUG_INFORMATION_FORMAT = "dwarf-with-dsym";
				ENABLE_NS_ASSERTIONS = NO;
				ENABLE_STRICT_OBJC_MSGSEND = YES;
				GCC_C_LANGUAGE_STANDARD = gnu11;
				GCC_NO_COMMON_BLOCKS = YES;
				GCC_WARN_64_TO_32_BIT_CONVERSION = YES;
				GCC_WARN_ABOUT_RETURN_TYPE = YES_ERROR;
				GCC_WARN_UNDECLARED_SELECTOR = YES;
				GCC_WARN_UNINITIALIZED_AUTOS = YES_AGGRESSIVE;
				GCC_WARN_UNUSED_FUNCTION = YES;
				GCC_WARN_UNUSED_VARIABLE = YES;
				IPHONEOS_DEPLOYMENT_TARGET = 13.4;
				MTL_ENABLE_DEBUG_INFO = NO;
				MTL_FAST_MATH = YES;
				SDKROOT = iphoneos;
				VALIDATE_PRODUCT = YES;
			};
			name = Release;
		};
		C9AE249824E6266B003290A0 /* Debug */ = {
			isa = XCBuildConfiguration;
			buildSettings = {
				ASSETCATALOG_COMPILER_APPICON_NAME = AppIcon;
				CODE_SIGN_STYLE = Automatic;
				INFOPLIST_FILE = APOD/Info.plist;
				LD_RUNPATH_SEARCH_PATHS = (
					"$(inherited)",
					"@executable_path/Frameworks",
				);
				PRODUCT_BUNDLE_IDENTIFIER = com.mattmartindale.APOD;
				PRODUCT_NAME = "$(TARGET_NAME)";
				TARGETED_DEVICE_FAMILY = "1,2";
			};
			name = Debug;
		};
		C9AE249924E6266B003290A0 /* Release */ = {
			isa = XCBuildConfiguration;
			buildSettings = {
				ASSETCATALOG_COMPILER_APPICON_NAME = AppIcon;
				CODE_SIGN_STYLE = Automatic;
				INFOPLIST_FILE = APOD/Info.plist;
				LD_RUNPATH_SEARCH_PATHS = (
					"$(inherited)",
					"@executable_path/Frameworks",
				);
				PRODUCT_BUNDLE_IDENTIFIER = com.mattmartindale.APOD;
				PRODUCT_NAME = "$(TARGET_NAME)";
				TARGETED_DEVICE_FAMILY = "1,2";
			};
			name = Release;
		};
/* End XCBuildConfiguration section */

/* Begin XCConfigurationList section */
		C9AE247924E62665003290A0 /* Build configuration list for PBXProject "APOD" */ = {
			isa = XCConfigurationList;
			buildConfigurations = (
				C9AE249524E6266B003290A0 /* Debug */,
				C9AE249624E6266B003290A0 /* Release */,
			);
			defaultConfigurationIsVisible = 0;
			defaultConfigurationName = Release;
		};
		C9AE249724E6266B003290A0 /* Build configuration list for PBXNativeTarget "APOD" */ = {
			isa = XCConfigurationList;
			buildConfigurations = (
				C9AE249824E6266B003290A0 /* Debug */,
				C9AE249924E6266B003290A0 /* Release */,
			);
			defaultConfigurationIsVisible = 0;
			defaultConfigurationName = Release;
		};
/* End XCConfigurationList section */
	};
	rootObject = C9AE247624E62665003290A0 /* Project object */;
}
